
Microsoft Visual Studio Solution File, Format Version 12.00
# Visual Studio Version 17
VisualStudioVersion = 17.0.32112.339
MinimumVisualStudioVersion = 10.0.40219.1
Project("{FAE04EC0-301F-11D3-BF4B-00C04F79EFBC}") = "CodeEditor", "ProgramReverse\CodeEditor.csproj", "{C11CDAA0-99FC-463B-B42E-628483E34487}"
EndProject
Global
	GlobalSection(SolutionConfigurationPlatforms) = preSolution
		Debug|Any CPU = Debug|Any CPU
		Release|Any CPU = Release|Any CPU
	EndGlobalSection
	GlobalSection(ProjectConfigurationPlatforms) = postSolution
		{C11CDAA0-99FC-463B-B42E-628483E34487}.Debug|Any CPU.ActiveCfg = Debug|Any CPU
		{C11CDAA0-99FC-463B-B42E-628483E34487}.Debug|Any CPU.Build.0 = Debug|Any CPU
		{C11CDAA0-99FC-463B-B42E-628483E34487}.Release|Any CPU.ActiveCfg = Release|Any CPU
		{C11CDAA0-99FC-463B-B42E-628483E34487}.Release|Any CPU.Build.0 = Release|Any CPU
	EndGlobalSection
	GlobalSection(SolutionProperties) = preSolution
		HideSolutionNode = FALSE
	EndGlobalSection
	GlobalSection(ExtensibilityGlobals) = postSolution
		SolutionGuid = {2F73B3A2-5C49-4C6F-BECF-75E91DBDD745}
	EndGlobalSection
EndGlobal
